Microsoft Visual Studio Solution File, Format Version 12.00
# Visual Studio Version 17
VisualStudioVersion = 17.1.32414.318
MinimumVisualStudioVersion = 10.0.40219.1
Project("{9A19103F-16F7-4668-BE54-9A1E7A4F7556}") = "Azure.DataGateway.Service", "DataGateway.Service\Azure.DataGateway.Service.csproj", "{208FC26C-A21C-4C96-98EE-F10FDAEAC508}"
EndProject
Project("{9A19103F-16F7-4668-BE54-9A1E7A4F7556}") = "Azure.DataGateway.Service.Tests", "DataGateway.Service.Tests\Azure.DataGateway.Service.Tests.csproj", "{4E50C9B0-818E-4041-B18B-5BB17E4D409F}"
EndProject
Project("{2150E333-8FDC-42A3-9474-1A3956D46DE8}") = "Configs", "Configs", "{EFA9C661-D8FD-469A-9372-284387C4BEFC}"
	ProjectSection(SolutionItems) = preProject
		DataGateway.Service\appsettings.Cosmos.json = DataGateway.Service\appsettings.Cosmos.json
		DataGateway.Service\appsettings.Development.json = DataGateway.Service\appsettings.Development.json
		DataGateway.Service\appsettings.json = DataGateway.Service\appsettings.json
		DataGateway.Service\appsettings.MsSql.json = DataGateway.Service\appsettings.MsSql.json
		DataGateway.Service\appsettings.MsSqlIntegrationTest.json = DataGateway.Service\appsettings.MsSqlIntegrationTest.json
		DataGateway.Service\appsettings.MsSqlIntegrationTest.overrides.json = DataGateway.Service\appsettings.MsSqlIntegrationTest.overrides.json
		DataGateway.Service\appsettings.PostgreSql.json = DataGateway.Service\appsettings.PostgreSql.json
		DataGateway.Service\appsettings.PostgreSqlIntegrationTest.json = DataGateway.Service\appsettings.PostgreSqlIntegrationTest.json
		DataGateway.Service\appsettings.PostgreSqlIntegrationTest.overrides.json = DataGateway.Service\appsettings.PostgreSqlIntegrationTest.overrides.json
		DataGateway.Service\cosmos-config.json = DataGateway.Service\cosmos-config.json
		DataGateway.Service\schema.gql = DataGateway.Service\schema.gql
		DataGateway.Service\sql-config.json = DataGateway.Service\sql-config.json
	EndProjectSection
EndProject
Project("{FAE04EC0-301F-11D3-BF4B-00C04F79EFBC}") = "DataGateway.Config", "DataGateway.Config\DataGateway.Config.csproj", "{7535D693-3E8F-4827-ACC9-EFFAA4FA8EE6}"
EndProject
Global
	GlobalSection(SolutionConfigurationPlatforms) = preSolution
		Debug|Any CPU = Debug|Any CPU
		Release|Any CPU = Release|Any CPU
	EndGlobalSection
	GlobalSection(ProjectConfigurationPlatforms) = postSolution
		{208FC26C-A21C-4C96-98EE-F10FDAEAC508}.Debug|Any CPU.ActiveCfg = Debug|Any CPU
		{208FC26C-A21C-4C96-98EE-F10FDAEAC508}.Debug|Any CPU.Build.0 = Debug|Any CPU
		{208FC26C-A21C-4C96-98EE-F10FDAEAC508}.Release|Any CPU.ActiveCfg = Release|Any CPU
		{208FC26C-A21C-4C96-98EE-F10FDAEAC508}.Release|Any CPU.Build.0 = Release|Any CPU
		{4E50C9B0-818E-4041-B18B-5BB17E4D409F}.Debug|Any CPU.ActiveCfg = Debug|Any CPU
		{4E50C9B0-818E-4041-B18B-5BB17E4D409F}.Debug|Any CPU.Build.0 = Debug|Any CPU
		{4E50C9B0-818E-4041-B18B-5BB17E4D409F}.Release|Any CPU.ActiveCfg = Release|Any CPU
		{4E50C9B0-818E-4041-B18B-5BB17E4D409F}.Release|Any CPU.Build.0 = Release|Any CPU
		{7535D693-3E8F-4827-ACC9-EFFAA4FA8EE6}.Debug|Any CPU.ActiveCfg = Debug|Any CPU
		{7535D693-3E8F-4827-ACC9-EFFAA4FA8EE6}.Debug|Any CPU.Build.0 = Debug|Any CPU
		{7535D693-3E8F-4827-ACC9-EFFAA4FA8EE6}.Release|Any CPU.ActiveCfg = Release|Any CPU
		{7535D693-3E8F-4827-ACC9-EFFAA4FA8EE6}.Release|Any CPU.Build.0 = Release|Any CPU
	EndGlobalSection
	GlobalSection(SolutionProperties) = preSolution
		HideSolutionNode = FALSE
	EndGlobalSection
	GlobalSection(ExtensibilityGlobals) = postSolution
		SolutionGuid = {DB63B82E-DA4E-4F6C-B423-2EEA94F8E411}
	EndGlobalSection
EndGlobal
