
Microsoft Visual Studio Solution File, Format Version 12.00
# Visual Studio Version 16
VisualStudioVersion = 16.0.31205.134
MinimumVisualStudioVersion = 10.0.40219.1
Project("{9A19103F-16F7-4668-BE54-9A1E7A4F7556}") = "Microsoft.GraphQL.Service", "GraphQL.Service\Microsoft.GraphQL.Service.csproj", "{208FC26C-A21C-4C96-98EE-F10FDAEAC508}"
EndProject
Project("{FAE04EC0-301F-11D3-BF4B-00C04F79EFBC}") = "Microsoft.GraphQL.Service.Tests", "GraphQL.Service.Tests\Microsoft.GraphQL.Service.Tests.csproj", "{4E50C9B0-818E-4041-B18B-5BB17E4D409F}"
EndProject
Global
	GlobalSection(SolutionConfigurationPlatforms) = preSolution
		Debug|Any CPU = Debug|Any CPU
		Release|Any CPU = Release|Any CPU
	EndGlobalSection
	GlobalSection(ProjectConfigurationPlatforms) = postSolution
		{208FC26C-A21C-4C96-98EE-F10FDAEAC508}.Debug|Any CPU.ActiveCfg = Debug|Any CPU
		{208FC26C-A21C-4C96-98EE-F10FDAEAC508}.Debug|Any CPU.Build.0 = Debug|Any CPU
		{208FC26C-A21C-4C96-98EE-F10FDAEAC508}.Release|Any CPU.ActiveCfg = Release|Any CPU
		{208FC26C-A21C-4C96-98EE-F10FDAEAC508}.Release|Any CPU.Build.0 = Release|Any CPU
		{4E50C9B0-818E-4041-B18B-5BB17E4D409F}.Debug|Any CPU.ActiveCfg = Debug|Any CPU
		{4E50C9B0-818E-4041-B18B-5BB17E4D409F}.Debug|Any CPU.Build.0 = Debug|Any CPU
		{4E50C9B0-818E-4041-B18B-5BB17E4D409F}.Release|Any CPU.ActiveCfg = Release|Any CPU
		{4E50C9B0-818E-4041-B18B-5BB17E4D409F}.Release|Any CPU.Build.0 = Release|Any CPU
	EndGlobalSection
	GlobalSection(SolutionProperties) = preSolution
		HideSolutionNode = FALSE
	EndGlobalSection
	GlobalSection(ExtensibilityGlobals) = postSolution
		SolutionGuid = {DB63B82E-DA4E-4F6C-B423-2EEA94F8E411}
	EndGlobalSection
EndGlobal
