
Microsoft Visual Studio Solution File, Format Version 12.00
# Visual Studio Version 17
VisualStudioVersion = 17.1.32407.343
MinimumVisualStudioVersion = 10.0.40219.1
Project("{9A19103F-16F7-4668-BE54-9A1E7A4F7556}") = "hawaii-cli", "src\hawaii-cli.csproj", "{55528027-AC5E-4B3A-901A-BAE649C44C07}"
EndProject
Project("{9A19103F-16F7-4668-BE54-9A1E7A4F7556}") = "Azure.DataGateway.Config", "hawaii-engine\DataGateway.Config\Azure.DataGateway.Config.csproj", "{3D826537-5771-4777-B98F-864A0C2447E3}"
EndProject
Project("{FAE04EC0-301F-11D3-BF4B-00C04F79EFBC}") = "tests", "tests\tests.csproj", "{2D9D5A56-2025-43BA-97D6-47385C2890FE}"
EndProject
Global
	GlobalSection(SolutionConfigurationPlatforms) = preSolution
		Debug|Any CPU = Debug|Any CPU
		Release|Any CPU = Release|Any CPU
	EndGlobalSection
	GlobalSection(ProjectConfigurationPlatforms) = postSolution
		{55528027-AC5E-4B3A-901A-BAE649C44C07}.Debug|Any CPU.ActiveCfg = Debug|Any CPU
		{55528027-AC5E-4B3A-901A-BAE649C44C07}.Debug|Any CPU.Build.0 = Debug|Any CPU
		{55528027-AC5E-4B3A-901A-BAE649C44C07}.Release|Any CPU.ActiveCfg = Release|Any CPU
		{55528027-AC5E-4B3A-901A-BAE649C44C07}.Release|Any CPU.Build.0 = Release|Any CPU
		{3D826537-5771-4777-B98F-864A0C2447E3}.Debug|Any CPU.ActiveCfg = Debug|Any CPU
		{3D826537-5771-4777-B98F-864A0C2447E3}.Debug|Any CPU.Build.0 = Debug|Any CPU
		{3D826537-5771-4777-B98F-864A0C2447E3}.Release|Any CPU.ActiveCfg = Release|Any CPU
		{3D826537-5771-4777-B98F-864A0C2447E3}.Release|Any CPU.Build.0 = Release|Any CPU
		{2D9D5A56-2025-43BA-97D6-47385C2890FE}.Debug|Any CPU.ActiveCfg = Debug|Any CPU
		{2D9D5A56-2025-43BA-97D6-47385C2890FE}.Debug|Any CPU.Build.0 = Debug|Any CPU
		{2D9D5A56-2025-43BA-97D6-47385C2890FE}.Release|Any CPU.ActiveCfg = Release|Any CPU
		{2D9D5A56-2025-43BA-97D6-47385C2890FE}.Release|Any CPU.Build.0 = Release|Any CPU
	EndGlobalSection
	GlobalSection(SolutionProperties) = preSolution
		HideSolutionNode = FALSE
	EndGlobalSection
	GlobalSection(ExtensibilityGlobals) = postSolution
		SolutionGuid = {DAD45638-3E31-46D6-B4F9-D6A048F1137D}
	EndGlobalSection
EndGlobal
