Microsoft Visual Studio Solution File, Format Version 12.00
# Visual Studio Version 17
VisualStudioVersion = 17.3.32405.409
MinimumVisualStudioVersion = 10.0.40219.1
Project("{9A19103F-16F7-4668-BE54-9A1E7A4F7556}") = "Azure.DataApiBuilder.Service", "Service\Azure.DataApiBuilder.Service.csproj", "{208FC26C-A21C-4C96-98EE-F10FDAEAC508}"
EndProject
Project("{9A19103F-16F7-4668-BE54-9A1E7A4F7556}") = "Azure.DataApiBuilder.Service.Tests", "Service.Tests\Azure.DataApiBuilder.Service.Tests.csproj", "{4E50C9B0-818E-4041-B18B-5BB17E4D409F}"
EndProject
Project("{2150E333-8FDC-42A3-9474-1A3956D46DE8}") = "Configs", "Configs", "{EFA9C661-D8FD-469A-9372-284387C4BEFC}"
	ProjectSection(SolutionItems) = preProject
		..\schemas\dab.draft.schema.json = ..\schemas\dab.draft.schema.json
		Service.Tests\schema.gql = Service.Tests\schema.gql
	EndProjectSection
EndProject
Project("{9A19103F-16F7-4668-BE54-9A1E7A4F7556}") = "Azure.DataApiBuilder.Config", "Config\Azure.DataApiBuilder.Config.csproj", "{F55CC05C-EA9A-4B50-93A8-79294482FD7F}"
EndProject
Project("{9A19103F-16F7-4668-BE54-9A1E7A4F7556}") = "Azure.DataApiBuilder.Service.GraphQLBuilder", "Service.GraphQLBuilder\Azure.DataApiBuilder.Service.GraphQLBuilder.csproj", "{E0B51C8F-493D-4C69-8B27-C114D3874176}"
EndProject
Project("{9A19103F-16F7-4668-BE54-9A1E7A4F7556}") = "Azure.DataApiBuilder.Auth", "Auth\Azure.DataApiBuilder.Auth.csproj", "{249FF898-AD6E-46F2-B441-F6926BCD5179}"
EndProject
Project("{9A19103F-16F7-4668-BE54-9A1E7A4F7556}") = "Cli", "Cli\Cli.csproj", "{55528027-AC5E-4B3A-901A-BAE649C44C07}"
EndProject
Project("{9A19103F-16F7-4668-BE54-9A1E7A4F7556}") = "Cli.Tests", "Cli.Tests\Cli.Tests.csproj", "{2D9D5A56-2025-43BA-97D6-47385C2890FE}"
EndProject
Project("{2150E333-8FDC-42A3-9474-1A3956D46DE8}") = "Solution Items", "Solution Items", "{FBA18E2E-32A2-437C-AA5D-F9EF358874DC}"
	ProjectSection(SolutionItems) = preProject
		Directory.Packages.props = Directory.Packages.props
	EndProjectSection
EndProject
Project("{9A19103F-16F7-4668-BE54-9A1E7A4F7556}") = "Azure.DataApiBuilder.Core", "Core\Azure.DataApiBuilder.Core.csproj", "{9668083A-8A54-40E8-9C19-789B317D3F41}"
EndProject
Project("{9A19103F-16F7-4668-BE54-9A1E7A4F7556}") = "Azure.DataApiBuilder.Product", "Product\Azure.DataApiBuilder.Product.csproj", "{E3D2076C-EE49-43A0-8F92-5FC41EC99DA7}"
EndProject
Project("{FAE04EC0-301F-11D3-BF4B-00C04F79EFBC}") = "Azure.DataApiBuilder.Mcp", "Azure.DataApiBuilder.Mcp\Azure.DataApiBuilder.Mcp.csproj", "{A287E849-A043-4F37-BC40-A87C4705F583}"
EndProject
Project("{FAE04EC0-301F-11D3-BF4B-00C04F79EFBC}") = "Azure.DataApiBuilder.Mcp.Tests", "Azure.DataApiBuilder.Mcp.Tests\Azure.DataApiBuilder.Mcp.Tests.csproj", "{57ABA46C-F821-4C90-925C-5D755198942D}"
EndProject
Global
	GlobalSection(SolutionConfigurationPlatforms) = preSolution
		Debug|Any CPU = Debug|Any CPU
		Release|Any CPU = Release|Any CPU
	EndGlobalSection
	GlobalSection(ProjectConfigurationPlatforms) = postSolution
		{208FC26C-A21C-4C96-98EE-F10FDAEAC508}.Debug|Any CPU.ActiveCfg = Debug|Any CPU
		{208FC26C-A21C-4C96-98EE-F10FDAEAC508}.Debug|Any CPU.Build.0 = Debug|Any CPU
		{208FC26C-A21C-4C96-98EE-F10FDAEAC508}.Release|Any CPU.ActiveCfg = Release|Any CPU
		{208FC26C-A21C-4C96-98EE-F10FDAEAC508}.Release|Any CPU.Build.0 = Release|Any CPU
		{4E50C9B0-818E-4041-B18B-5BB17E4D409F}.Debug|Any CPU.ActiveCfg = Debug|Any CPU
		{4E50C9B0-818E-4041-B18B-5BB17E4D409F}.Debug|Any CPU.Build.0 = Debug|Any CPU
		{4E50C9B0-818E-4041-B18B-5BB17E4D409F}.Release|Any CPU.ActiveCfg = Release|Any CPU
		{4E50C9B0-818E-4041-B18B-5BB17E4D409F}.Release|Any CPU.Build.0 = Release|Any CPU
		{F55CC05C-EA9A-4B50-93A8-79294482FD7F}.Debug|Any CPU.ActiveCfg = Debug|Any CPU
		{F55CC05C-EA9A-4B50-93A8-79294482FD7F}.Debug|Any CPU.Build.0 = Debug|Any CPU
		{F55CC05C-EA9A-4B50-93A8-79294482FD7F}.Release|Any CPU.ActiveCfg = Release|Any CPU
		{F55CC05C-EA9A-4B50-93A8-79294482FD7F}.Release|Any CPU.Build.0 = Release|Any CPU
		{E0B51C8F-493D-4C69-8B27-C114D3874176}.Debug|Any CPU.ActiveCfg = Debug|Any CPU
		{E0B51C8F-493D-4C69-8B27-C114D3874176}.Debug|Any CPU.Build.0 = Debug|Any CPU
		{E0B51C8F-493D-4C69-8B27-C114D3874176}.Release|Any CPU.ActiveCfg = Release|Any CPU
		{E0B51C8F-493D-4C69-8B27-C114D3874176}.Release|Any CPU.Build.0 = Release|Any CPU
		{249FF898-AD6E-46F2-B441-F6926BCD5179}.Debug|Any CPU.ActiveCfg = Debug|Any CPU
		{249FF898-AD6E-46F2-B441-F6926BCD5179}.Debug|Any CPU.Build.0 = Debug|Any CPU
		{249FF898-AD6E-46F2-B441-F6926BCD5179}.Release|Any CPU.ActiveCfg = Release|Any CPU
		{249FF898-AD6E-46F2-B441-F6926BCD5179}.Release|Any CPU.Build.0 = Release|Any CPU
		{55528027-AC5E-4B3A-901A-BAE649C44C07}.Debug|Any CPU.ActiveCfg = Debug|Any CPU
		{55528027-AC5E-4B3A-901A-BAE649C44C07}.Debug|Any CPU.Build.0 = Debug|Any CPU
		{55528027-AC5E-4B3A-901A-BAE649C44C07}.Release|Any CPU.ActiveCfg = Release|Any CPU
		{55528027-AC5E-4B3A-901A-BAE649C44C07}.Release|Any CPU.Build.0 = Release|Any CPU
		{2D9D5A56-2025-43BA-97D6-47385C2890FE}.Debug|Any CPU.ActiveCfg = Debug|Any CPU
		{2D9D5A56-2025-43BA-97D6-47385C2890FE}.Debug|Any CPU.Build.0 = Debug|Any CPU
		{2D9D5A56-2025-43BA-97D6-47385C2890FE}.Release|Any CPU.ActiveCfg = Release|Any CPU
		{2D9D5A56-2025-43BA-97D6-47385C2890FE}.Release|Any CPU.Build.0 = Release|Any CPU
		{9668083A-8A54-40E8-9C19-789B317D3F41}.Debug|Any CPU.ActiveCfg = Debug|Any CPU
		{9668083A-8A54-40E8-9C19-789B317D3F41}.Debug|Any CPU.Build.0 = Debug|Any CPU
		{9668083A-8A54-40E8-9C19-789B317D3F41}.Release|Any CPU.ActiveCfg = Release|Any CPU
		{9668083A-8A54-40E8-9C19-789B317D3F41}.Release|Any CPU.Build.0 = Release|Any CPU
		{E3D2076C-EE49-43A0-8F92-5FC41EC99DA7}.Debug|Any CPU.ActiveCfg = Debug|Any CPU
		{E3D2076C-EE49-43A0-8F92-5FC41EC99DA7}.Debug|Any CPU.Build.0 = Debug|Any CPU
		{E3D2076C-EE49-43A0-8F92-5FC41EC99DA7}.Release|Any CPU.ActiveCfg = Release|Any CPU
		{E3D2076C-EE49-43A0-8F92-5FC41EC99DA7}.Release|Any CPU.Build.0 = Release|Any CPU
		{A287E849-A043-4F37-BC40-A87C4705F583}.Debug|Any CPU.ActiveCfg = Debug|Any CPU
		{A287E849-A043-4F37-BC40-A87C4705F583}.Debug|Any CPU.Build.0 = Debug|Any CPU
		{A287E849-A043-4F37-BC40-A87C4705F583}.Release|Any CPU.ActiveCfg = Release|Any CPU
		{A287E849-A043-4F37-BC40-A87C4705F583}.Release|Any CPU.Build.0 = Release|Any CPU
		{57ABA46C-F821-4C90-925C-5D755198942D}.Debug|Any CPU.ActiveCfg = Debug|Any CPU
		{57ABA46C-F821-4C90-925C-5D755198942D}.Debug|Any CPU.Build.0 = Debug|Any CPU
		{57ABA46C-F821-4C90-925C-5D755198942D}.Release|Any CPU.ActiveCfg = Release|Any CPU
		{57ABA46C-F821-4C90-925C-5D755198942D}.Release|Any CPU.Build.0 = Release|Any CPU
	EndGlobalSection
	GlobalSection(SolutionProperties) = preSolution
		HideSolutionNode = FALSE
	EndGlobalSection
	GlobalSection(ExtensibilityGlobals) = postSolution
		SolutionGuid = {DB63B82E-DA4E-4F6C-B423-2EEA94F8E411}
	EndGlobalSection
EndGlobal
